Microsoft Visual Studio Solution File, Format Version 12.00
# Visual Studio Version 17
VisualStudioVersion = 17.5.2.0
MinimumVisualStudioVersion = 10.0.40219.1
Project("{2150E333-8FDC-42A3-9474-1A3956D46DE8}") = "src", "src", "{827E0CD3-B72D-47B6-A68D-7590B98EB39B}"
EndProject
Project("{2150E333-8FDC-42A3-9474-1A3956D46DE8}") = "parsers", "parsers", "{030BDAB6-1E7F-51D8-592F-72D10570CE55}"
EndProject
Project("{FAE04EC0-301F-11D3-BF4B-00C04F79EFBC}") = "csharp_to_xlang", "src\parsers\csharp\csharp_to_xlang.csproj", "{A0ABF97A-B95E-0FF9-48AC-40A515E51314}"
EndProject
Global
	GlobalSection(SolutionConfigurationPlatforms) = preSolution
		Debug|Any CPU = Debug|Any CPU
		Release|Any CPU = Release|Any CPU
	EndGlobalSection
	GlobalSection(ProjectConfigurationPlatforms) = postSolution
		{A0ABF97A-B95E-0FF9-48AC-40A515E51314}.Debug|Any CPU.ActiveCfg = Debug|Any CPU
		{A0ABF97A-B95E-0FF9-48AC-40A515E51314}.Debug|Any CPU.Build.0 = Debug|Any CPU
		{A0ABF97A-B95E-0FF9-48AC-40A515E51314}.Release|Any CPU.ActiveCfg = Release|Any CPU
		{A0ABF97A-B95E-0FF9-48AC-40A515E51314}.Release|Any CPU.Build.0 = Release|Any CPU
	EndGlobalSection
	GlobalSection(SolutionProperties) = preSolution
		HideSolutionNode = FALSE
	EndGlobalSection
	GlobalSection(NestedProjects) = preSolution
		{030BDAB6-1E7F-51D8-592F-72D10570CE55} = {827E0CD3-B72D-47B6-A68D-7590B98EB39B}
		{A0ABF97A-B95E-0FF9-48AC-40A515E51314} = {030BDAB6-1E7F-51D8-592F-72D10570CE55}
	EndGlobalSection
	GlobalSection(ExtensibilityGlobals) = postSolution
		SolutionGuid = {5EB5DEAA-8212-4D9E-828C-2574D7E577DD}
	EndGlobalSection
EndGlobal
